# This file is automatically @generated by Cargo.
# It is not intended for manual editing.
version = 3

[[package]]
name = "ansi_term"
version = "0.11.0"
source = "registry+https://github.com/rust-lang/crates.io-index"
checksum = "ee49baf6cb617b853aa8d93bf420db2383fab46d314482ca2803b40d5fde979b"
dependencies = [
 "winapi 0.3.5",
]

[[package]]
name = "arrayvec"
version = "0.4.7"
source = "registry+https://github.com/rust-lang/crates.io-index"
checksum = "a1e964f9e24d588183fcb43503abda40d288c8657dfc27311516ce2f05675aef"
dependencies = [
 "nodrop",
]

[[package]]
name = "atty"
version = "0.2.11"
source = "registry+https://github.com/rust-lang/crates.io-index"
checksum = "9a7d5b8723950951411ee34d271d99dddcc2035a16ab25310ea2c8cfd4369652"
dependencies = [
 "libc",
 "termion",
 "winapi 0.3.5",
]

[[package]]
name = "base64"
version = "0.9.2"
source = "registry+https://github.com/rust-lang/crates.io-index"
checksum = "85415d2594767338a74a30c1d370b2f3262ec1b4ed2d7bba5b3faf4de40467d9"
dependencies = [
 "byteorder",
 "safemem",
]

[[package]]
name = "bitflags"
version = "1.0.4"
source = "registry+https://github.com/rust-lang/crates.io-index"
checksum = "228047a76f468627ca71776ecdebd732a3423081fcf5125585bcd7c49886ce12"

[[package]]
name = "byteorder"
version = "1.2.6"
source = "registry+https://github.com/rust-lang/crates.io-index"
checksum = "90492c5858dd7d2e78691cfb89f90d273a2800fc11d98f60786e5d87e2f83781"

[[package]]
name = "bytes"
version = "0.4.10"
source = "registry+https://github.com/rust-lang/crates.io-index"
checksum = "0ce55bd354b095246fc34caf4e9e242f5297a7fd938b090cadfea6eee614aa62"
dependencies = [
 "byteorder",
 "iovec",
]

[[package]]
name = "cfg-if"
version = "0.1.5"
source = "registry+https://github.com/rust-lang/crates.io-index"
checksum = "0c4e7bb64a8ebb0d856483e1e682ea3422f883c5f5615a90d51a2c82fe87fdd3"

[[package]]
name = "clap"
version = "2.32.0"
source = "registry+https://github.com/rust-lang/crates.io-index"
checksum = "b957d88f4b6a63b9d70d5f454ac8011819c6efa7727858f458ab71c756ce2d3e"
dependencies = [
 "ansi_term",
 "atty",
 "bitflags",
 "strsim",
 "textwrap",
 "unicode-width",
 "vec_map",
]

[[package]]
name = "cloudabi"
version = "0.0.3"
source = "registry+https://github.com/rust-lang/crates.io-index"
checksum = "ddfc5b9aa5d4507acaf872de71051dfd0e309860e88966e1051e462a077aac4f"
dependencies = [
 "bitflags",
]

[[package]]
name = "crossbeam-deque"
version = "0.6.1"
source = "registry+https://github.com/rust-lang/crates.io-index"
checksum = "3486aefc4c0487b9cb52372c97df0a48b8c249514af1ee99703bf70d2f2ceda1"
dependencies = [
 "crossbeam-epoch",
 "crossbeam-utils",
]

[[package]]
name = "crossbeam-epoch"
version = "0.5.2"
source = "registry+https://github.com/rust-lang/crates.io-index"
checksum = "30fecfcac6abfef8771151f8be4abc9e4edc112c2bcb233314cafde2680536e9"
dependencies = [
 "arrayvec",
 "cfg-if",
 "crossbeam-utils",
 "lazy_static",
 "memoffset",
 "scopeguard",
]

[[package]]
name = "crossbeam-utils"
version = "0.5.0"
source = "registry+https://github.com/rust-lang/crates.io-index"
checksum = "677d453a17e8bd2b913fa38e8b9cf04bcdbb5be790aa294f2389661d72036015"

[[package]]
name = "fuchsia-zircon"
version = "0.3.3"
source = "registry+https://github.com/rust-lang/crates.io-index"
checksum = "2e9763c69ebaae630ba35f74888db465e49e259ba1bc0eda7d06f4a067615d82"
dependencies = [
 "bitflags",
 "fuchsia-zircon-sys",
]

[[package]]
name = "fuchsia-zircon-sys"
version = "0.3.3"
source = "registry+https://github.com/rust-lang/crates.io-index"
checksum = "3dcaa9ae7725d12cdb85b3ad99a434db70b468c09ded17e012d86b5c1010f7a7"

[[package]]
name = "futures"
version = "0.1.24"
source = "registry+https://github.com/rust-lang/crates.io-index"
checksum = "0c84b40c7e2de99ffd70602db314a7a8c26b2b3d830e6f7f7a142a8860ab3ca4"

[[package]]
name = "futures-cpupool"
version = "0.1.8"
source = "registry+https://github.com/rust-lang/crates.io-index"
checksum = "ab90cde24b3319636588d0c35fe03b1333857621051837ed769faefb4c2162e4"
dependencies = [
 "futures",
 "num_cpus",
]

[[package]]
name = "grpc"
version = "0.5.0"
source = "registry+https://github.com/rust-lang/crates.io-index"
checksum = "553ad8ca834fe01bc8a8261b41e73d7abdb20b420d793ee41718f4e5eb77efc1"
dependencies = [
 "base64",
 "bytes",
 "futures",
 "futures-cpupool",
 "httpbis",
 "log 0.4.5",
 "protobuf",
 "tls-api",
 "tls-api-stub",
 "tokio-core",
 "tokio-io",
 "tokio-tls-api",
]

[[package]]
name = "grpc-compiler"
version = "0.5.0"
source = "registry+https://github.com/rust-lang/crates.io-index"
checksum = "e84b1b374538ca5ead4c40e9250a02aba1ae69387445e9d71e241a319fff4b4e"
dependencies = [
 "protobuf",
 "protobuf-codegen",
]

[[package]]
name = "httpbis"
version = "0.7.0"
source = "registry+https://github.com/rust-lang/crates.io-index"
checksum = "7689cfa896b2a71da4f16206af167542b75d242b6906313e53857972a92d5614"
dependencies = [
 "bytes",
 "futures",
 "futures-cpupool",
 "log 0.4.5",
 "net2",
 "tls-api",
 "tls-api-stub",
 "tokio-core",
 "tokio-io",
 "tokio-timer 0.1.2",
 "tokio-tls-api",
 "tokio-uds 0.1.7",
 "unix_socket",
 "void",
]

[[package]]
name = "iovec"
version = "0.1.2"
source = "registry+https://github.com/rust-lang/crates.io-index"
checksum = "dbe6e417e7d0975db6512b90796e8ce223145ac4e33c377e4a42882a0e88bb08"
dependencies = [
 "libc",
 "winapi 0.2.8",
]

[[package]]
name = "kernel32-sys"
version = "0.2.2"
source = "registry+https://github.com/rust-lang/crates.io-index"
checksum = "7507624b29483431c0ba2d82aece8ca6cdba9382bff4ddd0f7490560c056098d"
dependencies = [
 "winapi 0.2.8",
 "winapi-build",
]

[[package]]
name = "lazy_static"
version = "1.1.0"
source = "registry+https://github.com/rust-lang/crates.io-index"
checksum = "ca488b89a5657b0a2ecd45b95609b3e848cf1755da332a0da46e2b2b1cb371a7"
dependencies = [
 "version_check",
]

[[package]]
name = "lazycell"
version = "1.0.0"
source = "registry+https://github.com/rust-lang/crates.io-index"
checksum = "d33a48d0365c96081958cc663eef834975cb1e8d8bea3378513fc72bdbf11e50"

[[package]]
name = "libc"
version = "0.2.126"
source = "registry+https://github.com/rust-lang/crates.io-index"
checksum = "349d5a591cd28b49e1d1037471617a32ddcda5731b99419008085f72d5a53836"

[[package]]
name = "lock_api"
version = "0.1.3"
source = "registry+https://github.com/rust-lang/crates.io-index"
checksum = "949826a5ccf18c1b3a7c3d57692778d21768b79e46eb9dd07bfc4c2160036c54"
dependencies = [
 "owning_ref",
 "scopeguard",
]

[[package]]
name = "log"
version = "0.3.9"
source = "registry+https://github.com/rust-lang/crates.io-index"
checksum = "e19e8d5c34a3e0e2223db8e060f9e8264aeeb5c5fc64a4ee9965c062211c024b"
dependencies = [
 "log 0.4.5",
]

[[package]]
name = "log"
version = "0.4.5"
source = "registry+https://github.com/rust-lang/crates.io-index"
checksum = "d4fcce5fa49cc693c312001daf1d13411c4a5283796bac1084299ea3e567113f"
dependencies = [
 "cfg-if",
]

[[package]]
name = "memoffset"
version = "0.2.1"
source = "registry+https://github.com/rust-lang/crates.io-index"
checksum = "0f9dc261e2b62d7a622bf416ea3c5245cdd5d9a7fcc428c0d06804dfce1775b3"

[[package]]
name = "mio"
version = "0.6.16"
source = "registry+https://github.com/rust-lang/crates.io-index"
checksum = "71646331f2619b1026cc302f87a2b8b648d5c6dd6937846a16cc8ce0f347f432"
dependencies = [
 "fuchsia-zircon",
 "fuchsia-zircon-sys",
 "iovec",
 "kernel32-sys",
 "lazycell",
 "libc",
 "log 0.4.5",
 "miow",
 "net2",
 "slab 0.4.1",
 "winapi 0.2.8",
]

[[package]]
name = "mio-uds"
version = "0.6.7"
source = "registry+https://github.com/rust-lang/crates.io-index"
checksum = "966257a94e196b11bb43aca423754d87429960a768de9414f3691d6957abf125"
dependencies = [
 "iovec",
 "libc",
 "mio",
]

[[package]]
name = "miow"
version = "0.2.2"
source = "registry+https://github.com/rust-lang/crates.io-index"
checksum = "ebd808424166322d4a38da87083bfddd3ac4c131334ed55856112eb06d46944d"
dependencies = [
 "kernel32-sys",
 "net2",
 "winapi 0.2.8",
 "ws2_32-sys",
]

[[package]]
name = "net2"
version = "0.2.37"
source = "registry+https://github.com/rust-lang/crates.io-index"
checksum = "391630d12b68002ae1e25e8f974306474966550ad82dac6886fb8910c19568ae"
dependencies = [
 "cfg-if",
 "libc",
 "winapi 0.3.5",
]

[[package]]
name = "nodrop"
version = "0.1.12"
source = "registry+https://github.com/rust-lang/crates.io-index"
checksum = "9a2228dca57108069a5262f2ed8bd2e82496d2e074a06d1ccc7ce1687b6ae0a2"

[[package]]
name = "num_cpus"
version = "1.8.0"
source = "registry+https://github.com/rust-lang/crates.io-index"
checksum = "c51a3322e4bca9d212ad9a158a02abc6934d005490c054a2778df73a70aa0a30"
dependencies = [
 "libc",
]

[[package]]
name = "owning_ref"
version = "0.3.3"
source = "registry+https://github.com/rust-lang/crates.io-index"
checksum = "cdf84f41639e037b484f93433aa3897863b561ed65c6e59c7073d7c561710f37"
dependencies = [
 "stable_deref_trait",
]

[[package]]
name = "parking_lot"
version = "0.6.4"
source = "registry+https://github.com/rust-lang/crates.io-index"
checksum = "f0802bff09003b291ba756dc7e79313e51cc31667e94afbe847def490424cde5"
dependencies = [
 "lock_api",
 "parking_lot_core",
]

[[package]]
name = "parking_lot_core"
version = "0.3.1"
source = "registry+https://github.com/rust-lang/crates.io-index"
checksum = "ad7f7e6ebdc79edff6fdcb87a55b620174f7a989e3eb31b65231f4af57f00b8c"
dependencies = [
 "libc",
 "rand 0.5.5",
 "rustc_version",
 "smallvec",
 "winapi 0.3.5",
]

[[package]]
name = "proc-macro2"
version = "0.4.19"
source = "registry+https://github.com/rust-lang/crates.io-index"
checksum = "ffe022fb8c8bd254524b0b3305906c1921fa37a84a644e29079a9e62200c3901"
dependencies = [
 "unicode-xid",
]

[[package]]
name = "protobuf"
version = "2.0.4"
source = "registry+https://github.com/rust-lang/crates.io-index"
checksum = "128a4f37a2df739a567a8685b17f54aa19b9c3c4a6a5b8731e97a419b3db451c"
dependencies = [
 "bytes",
]

[[package]]
name = "protobuf-codegen"
version = "2.0.4"
source = "registry+https://github.com/rust-lang/crates.io-index"
checksum = "3624c0feac7f512de21dbf8b574ae65c6573b1872d3878be951c0912eee4daca"
dependencies = [
 "protobuf",
]

[[package]]
name = "protoc"
version = "2.0.4"
source = "registry+https://github.com/rust-lang/crates.io-index"
checksum = "8736a41d7c7e321913dd81067fbedf74d037f69999386eba07cc4dd1de7369f0"
dependencies = [
 "log 0.4.5",
]

[[package]]
name = "protoc-rust"
version = "2.0.4"
source = "registry+https://github.com/rust-lang/crates.io-index"
checksum = "25cba75872da640d0a9a78a9e0cf4b32c98b2f1b26c926aa384a2075ec522c37"
dependencies = [
 "protobuf",
 "protobuf-codegen",
 "protoc",
 "tempdir",
]

[[package]]
name = "protoc-rust-grpc"
version = "0.5.0"
source = "registry+https://github.com/rust-lang/crates.io-index"
checksum = "567e22f7a67e9d57c1d8ad2b3431cb638ac52c1edfcf8d0f8d4374e0337e25a6"
dependencies = [
 "grpc-compiler",
 "protobuf",
 "protoc",
 "protoc-rust",
 "tempdir",
]

[[package]]
name = "quote"
version = "0.6.8"
source = "registry+https://github.com/rust-lang/crates.io-index"
checksum = "dd636425967c33af890042c483632d33fa7a18f19ad1d7ea72e8998c6ef8dea5"
dependencies = [
 "proc-macro2",
]

[[package]]
name = "rand"
version = "0.4.3"
source = "registry+https://github.com/rust-lang/crates.io-index"
checksum = "8356f47b32624fef5b3301c1be97e5944ecdd595409cc5da11d05f211db6cfbd"
dependencies = [
 "fuchsia-zircon",
 "libc",
 "winapi 0.3.5",
]

[[package]]
name = "rand"
version = "0.5.5"
source = "registry+https://github.com/rust-lang/crates.io-index"
checksum = "e464cd887e869cddcae8792a4ee31d23c7edd516700695608f5b98c67ee0131c"
dependencies = [
 "cloudabi",
 "fuchsia-zircon",
 "libc",
 "rand_core",
 "winapi 0.3.5",
]

[[package]]
name = "rand_core"
version = "0.2.1"
source = "registry+https://github.com/rust-lang/crates.io-index"
checksum = "edecf0f94da5551fc9b492093e30b041a891657db7940ee221f9d2f66e82eef2"

[[package]]
name = "rchat"
version = "0.1.0"
dependencies = [
 "futures",
 "grpc",
 "log 0.4.5",
 "protobuf",
 "protoc-rust-grpc",
 "rand 0.4.3",
 "structopt",
 "tls-api",
 "tokio",
]

[[package]]
name = "redox_syscall"
version = "0.1.40"
source = "registry+https://github.com/rust-lang/crates.io-index"
checksum = "c214e91d3ecf43e9a4e41e578973adeb14b474f2bee858742d127af75a0112b1"

[[package]]
name = "redox_termios"
version = "0.1.1"
source = "registry+https://github.com/rust-lang/crates.io-index"
checksum = "7e891cfe48e9100a70a3b6eb652fef28920c117d366339687bd5576160db0f76"
dependencies = [
 "redox_syscall",
]

[[package]]
name = "remove_dir_all"
version = "0.5.1"
source = "registry+https://github.com/rust-lang/crates.io-index"
checksum = "3488ba1b9a2084d38645c4c08276a1752dcbf2c7130d74f1569681ad5d2799c5"
dependencies = [
 "winapi 0.3.5",
]

[[package]]
name = "rustc_version"
version = "0.2.3"
source = "registry+https://github.com/rust-lang/crates.io-index"
checksum = "138e3e0acb6c9fb258b19b67cb8abd63c00679d2851805ea151465464fe9030a"
dependencies = [
 "semver",
]

[[package]]
name = "safemem"
version = "0.2.0"
source = "registry+https://github.com/rust-lang/crates.io-index"
checksum = "e27a8b19b835f7aea908818e871f5cc3a5a186550c30773be987e155e8163d8f"

[[package]]
name = "scoped-tls"
version = "0.1.2"
source = "registry+https://github.com/rust-lang/crates.io-index"
checksum = "332ffa32bf586782a3efaeb58f127980944bbc8c4d6913a86107ac2a5ab24b28"

[[package]]
name = "scopeguard"
version = "0.3.3"
source = "registry+https://github.com/rust-lang/crates.io-index"
checksum = "94258f53601af11e6a49f722422f6e3425c52b06245a5cf9bc09908b174f5e27"

[[package]]
name = "semver"
version = "0.9.0"
source = "registry+https://github.com/rust-lang/crates.io-index"
checksum = "1d7eb9ef2c18661902cc47e535f9bc51b78acd254da71d375c2f6720d9a40403"
dependencies = [
 "semver-parser",
]

[[package]]
name = "semver-parser"
version = "0.7.0"
source = "registry+https://github.com/rust-lang/crates.io-index"
checksum = "388a1df253eca08550bef6c72392cfe7c30914bf41df5269b68cbd6ff8f570a3"

[[package]]
name = "slab"
version = "0.3.0"
source = "registry+https://github.com/rust-lang/crates.io-index"
checksum = "17b4fcaed89ab08ef143da37bc52adbcc04d4a69014f4c1208d6b51f0c47bc23"

[[package]]
name = "slab"
version = "0.4.1"
source = "registry+https://github.com/rust-lang/crates.io-index"
checksum = "5f9776d6b986f77b35c6cf846c11ad986ff128fe0b2b63a3628e3755e8d3102d"

[[package]]
name = "smallvec"
version = "0.6.5"
source = "registry+https://github.com/rust-lang/crates.io-index"
checksum = "153ffa32fd170e9944f7e0838edf824a754ec4c1fc64746fcc9fe1f8fa602e5d"
dependencies = [
 "unreachable",
]

[[package]]
name = "stable_deref_trait"
version = "1.1.1"
source = "registry+https://github.com/rust-lang/crates.io-index"
checksum = "dba1a27d3efae4351c8051072d619e3ade2820635c3958d826bfea39d59b54c8"

[[package]]
name = "strsim"
version = "0.7.0"
source = "registry+https://github.com/rust-lang/crates.io-index"
checksum = "bb4f380125926a99e52bc279241539c018323fab05ad6368b56f93d9369ff550"

[[package]]
name = "structopt"
version = "0.2.10"
source = "registry+https://github.com/rust-lang/crates.io-index"
checksum = "d8e9ad6a11096cbecdcca0cc6aa403fdfdbaeda2fb3323a39c98e6a166a1e45a"
dependencies = [
 "clap",
 "structopt-derive",
]

[[package]]
name = "structopt-derive"
version = "0.2.10"
source = "registry+https://github.com/rust-lang/crates.io-index"
checksum = "4cbce8ccdc62166bd594c14396a3242bf94c337a51dbfa9be1076dd74b3db2af"
dependencies = [
 "proc-macro2",
 "quote",
 "syn",
]

[[package]]
name = "syn"
version = "0.14.9"
source = "registry+https://github.com/rust-lang/crates.io-index"
checksum = "261ae9ecaa397c42b960649561949d69311f08eeaea86a65696e6e46517cf741"
dependencies = [
 "proc-macro2",
 "quote",
 "unicode-xid",
]

[[package]]
name = "tempdir"
version = "0.3.7"
source = "registry+https://github.com/rust-lang/crates.io-index"
checksum = "15f2b5fb00ccdf689e0149d1b1b3c03fead81c2b37735d812fa8bddbbf41b6d8"
dependencies = [
 "rand 0.4.3",
 "remove_dir_all",
]

[[package]]
name = "termion"
version = "1.5.1"
source = "registry+https://github.com/rust-lang/crates.io-index"
checksum = "689a3bdfaab439fd92bc87df5c4c78417d3cbe537487274e9b0b2dce76e92096"
dependencies = [
 "libc",
 "redox_syscall",
 "redox_termios",
]

[[package]]
name = "textwrap"
version = "0.10.0"
source = "registry+https://github.com/rust-lang/crates.io-index"
checksum = "307686869c93e71f94da64286f9a9524c0f308a9e1c87a583de8e9c9039ad3f6"
dependencies = [
 "unicode-width",
]

[[package]]
name = "tls-api"
version = "0.1.20"
source = "registry+https://github.com/rust-lang/crates.io-index"
checksum = "e452fe2fdf40a10715adb3a5f244c7411cdf2ecc887b07160310939785db9182"
dependencies = [
 "log 0.4.5",
]

[[package]]
name = "tls-api-stub"
version = "0.1.20"
source = "registry+https://github.com/rust-lang/crates.io-index"
checksum = "25a2dcddd0fd52bdbedf9b4f0fd1cb884abfa0984e6a54121d4cefdf3d234e4c"
dependencies = [
 "tls-api",
 "void",
]

[[package]]
name = "tokio"
version = "0.1.8"
source = "registry+https://github.com/rust-lang/crates.io-index"
checksum = "fbb6a6e9db2702097bfdfddcb09841211ad423b86c75b5ddaca1d62842ac492c"
dependencies = [
 "futures",
 "mio",
 "tokio-codec",
 "tokio-current-thread",
 "tokio-executor",
 "tokio-fs",
 "tokio-io",
 "tokio-reactor",
 "tokio-tcp",
 "tokio-threadpool",
 "tokio-timer 0.2.6",
 "tokio-udp",
 "tokio-uds 0.2.1",
]

[[package]]
name = "tokio-codec"
version = "0.1.0"
source = "registry+https://github.com/rust-lang/crates.io-index"
checksum = "881e9645b81c2ce95fcb799ded2c29ffb9f25ef5bef909089a420e5961dd8ccb"
dependencies = [
 "bytes",
 "futures",
 "tokio-io",
]

[[package]]
name = "tokio-core"
version = "0.1.17"
source = "registry+https://github.com/rust-lang/crates.io-index"
checksum = "aeeffbbb94209023feaef3c196a41cbcdafa06b4a6f893f68779bb5e53796f71"
dependencies = [
 "bytes",
 "futures",
 "iovec",
 "log 0.4.5",
 "mio",
 "scoped-tls",
 "tokio",
 "tokio-executor",
 "tokio-io",
 "tokio-reactor",
 "tokio-timer 0.2.6",
]

[[package]]
name = "tokio-current-thread"
version = "0.1.1"
source = "registry+https://github.com/rust-lang/crates.io-index"
checksum = "8fdfb899688ac16f618076bd09215edbfda0fd5dfecb375b6942636cb31fa8a7"
dependencies = [
 "futures",
 "tokio-executor",
]

[[package]]
name = "tokio-executor"
version = "0.1.4"
source = "registry+https://github.com/rust-lang/crates.io-index"
checksum = "84823b932d566bc3c6aa644df4ca36cb38593c50b7db06011fd4e12e31e4047e"
dependencies = [
 "futures",
]

[[package]]
name = "tokio-fs"
version = "0.1.3"
source = "registry+https://github.com/rust-lang/crates.io-index"
checksum = "b5cbe4ca6e71cb0b62a66e4e6f53a8c06a6eefe46cc5f665ad6f274c9906f135"
dependencies = [
 "futures",
 "tokio-io",
 "tokio-threadpool",
]

[[package]]
name = "tokio-io"
version = "0.1.8"
source = "registry+https://github.com/rust-lang/crates.io-index"
checksum = "8d6cc2de7725863c86ac71b0b9068476fec50834f055a243558ef1655bbd34cb"
dependencies = [
 "bytes",
 "futures",
 "log 0.4.5",
]

[[package]]
name = "tokio-reactor"
version = "0.1.5"
source = "registry+https://github.com/rust-lang/crates.io-index"
checksum = "4bfbaf9f260635649ec26b6fb4aded03887295ffcd999f6e43fd2c4758f758ea"
dependencies = [
 "crossbeam-utils",
 "futures",
 "lazy_static",
 "log 0.4.5",
 "mio",
 "num_cpus",
 "parking_lot",
 "slab 0.4.1",
 "tokio-executor",
 "tokio-io",
]

[[package]]
name = "tokio-tcp"
version = "0.1.1"
source = "registry+https://github.com/rust-lang/crates.io-index"
checksum = "5b4c329b47f071eb8a746040465fa751bd95e4716e98daef6a9b4e434c17d565"
dependencies = [
 "bytes",
 "futures",
 "iovec",
 "mio",
 "tokio-io",
 "tokio-reactor",
]

[[package]]
name = "tokio-threadpool"
version = "0.1.6"
source = "registry+https://github.com/rust-lang/crates.io-index"
checksum = "a5758cecb6e0633cea5d563ac07c975e04961690b946b04fd84e7d6445a8f6af"
dependencies = [
 "crossbeam-deque",
 "crossbeam-utils",
 "futures",
 "log 0.4.5",
 "num_cpus",
 "rand 0.5.5",
 "tokio-executor",
]

[[package]]
name = "tokio-timer"
version = "0.1.2"
source = "registry+https://github.com/rust-lang/crates.io-index"
checksum = "6131e780037787ff1b3f8aad9da83bca02438b72277850dd6ad0d455e0e20efc"
dependencies = [
 "futures",
 "slab 0.3.0",
]

[[package]]
name = "tokio-timer"
version = "0.2.6"
source = "registry+https://github.com/rust-lang/crates.io-index"
checksum = "d03fa701f9578a01b7014f106b47f0a363b4727a7f3f75d666e312ab7acbbf1c"
dependencies = [
 "crossbeam-utils",
 "futures",
 "slab 0.4.1",
 "tokio-executor",
]

[[package]]
name = "tokio-tls-api"
version = "0.1.20"
source = "registry+https://github.com/rust-lang/crates.io-index"
checksum = "c7ac6ebb2f40e7e068cb43e1f3b09b40d7869bcc7e49e7f50610d4e0e75a18d7"
dependencies = [
 "futures",
 "tls-api",
 "tokio-core",
 "tokio-io",
]

[[package]]
name = "tokio-udp"
version = "0.1.2"
source = "registry+https://github.com/rust-lang/crates.io-index"
checksum = "da941144b816d0dcda4db3a1ba87596e4df5e860a72b70783fe435891f80601c"
dependencies = [
 "bytes",
 "futures",
 "log 0.4.5",
 "mio",
 "tokio-codec",
 "tokio-io",
 "tokio-reactor",
]

[[package]]
name = "tokio-uds"
version = "0.1.7"
source = "registry+https://github.com/rust-lang/crates.io-index"
checksum = "65ae5d255ce739e8537221ed2942e0445f4b3b813daebac1c0050ddaaa3587f9"
dependencies = [
 "bytes",
 "futures",
 "iovec",
 "libc",
 "log 0.3.9",
 "mio",
 "mio-uds",
 "tokio-core",
 "tokio-io",
]

[[package]]
name = "tokio-uds"
version = "0.2.1"
source = "registry+https://github.com/rust-lang/crates.io-index"
checksum = "424c1ed15a0132251813ccea50640b224c809d6ceafb88154c1a8775873a0e89"
dependencies = [
 "bytes",
 "futures",
 "iovec",
 "libc",
 "log 0.4.5",
 "mio",
 "mio-uds",
 "tokio-io",
 "tokio-reactor",
]

[[package]]
name = "unicode-width"
version = "0.1.5"
source = "registry+https://github.com/rust-lang/crates.io-index"
checksum = "882386231c45df4700b275c7ff55b6f3698780a650026380e72dabe76fa46526"

[[package]]
name = "unicode-xid"
version = "0.1.0"
source = "registry+https://github.com/rust-lang/crates.io-index"
checksum = "fc72304796d0818e357ead4e000d19c9c174ab23dc11093ac919054d20a6a7fc"

[[package]]
name = "unix_socket"
version = "0.5.0"
source = "registry+https://github.com/rust-lang/crates.io-index"
checksum = "6aa2700417c405c38f5e6902d699345241c28c0b7ade4abaad71e35a87eb1564"
dependencies = [
 "cfg-if",
 "libc",
]

[[package]]
name = "unreachable"
version = "1.0.0"
source = "registry+https://github.com/rust-lang/crates.io-index"
checksum = "382810877fe448991dfc7f0dd6e3ae5d58088fd0ea5e35189655f84e6814fa56"
dependencies = [
 "void",
]

[[package]]
name = "vec_map"
version = "0.8.1"
source = "registry+https://github.com/rust-lang/crates.io-index"
checksum = "05c78687fb1a80548ae3250346c3db86a80a7cdd77bda190189f2d0a0987c81a"

[[package]]
name = "version_check"
version = "0.1.4"
source = "registry+https://github.com/rust-lang/crates.io-index"
checksum = "7716c242968ee87e5542f8021178248f267f295a5c4803beae8b8b7fd9bc6051"

[[package]]
name = "void"
version = "1.0.2"
source = "registry+https://github.com/rust-lang/crates.io-index"
checksum = "6a02e4885ed3bc0f2de90ea6dd45ebcbb66dacffe03547fadbb0eeae2770887d"

[[package]]
name = "winapi"
version = "0.2.8"
source = "registry+https://github.com/rust-lang/crates.io-index"
checksum = "167dc9d6949a9b857f3451275e911c3f44255842c1f7a76f33c55103a909087a"

[[package]]
name = "winapi"
version = "0.3.5"
source = "registry+https://github.com/rust-lang/crates.io-index"
checksum = "773ef9dcc5f24b7d850d0ff101e542ff24c3b090a9768e03ff889fdef41f00fd"
dependencies = [
 "winapi-i686-pc-windows-gnu",
 "winapi-x86_64-pc-windows-gnu",
]

[[package]]
name = "winapi-build"
version = "0.1.1"
source = "registry+https://github.com/rust-lang/crates.io-index"
checksum = "2d315eee3b34aca4797b2da6b13ed88266e6d612562a0c46390af8299fc699bc"

[[package]]
name = "winapi-i686-pc-windows-gnu"
version = "0.4.0"
source = "registry+https://github.com/rust-lang/crates.io-index"
checksum = "ac3b87c63620426dd9b991e5ce0329eff545bccbbb34f3be09ff6fb6ab51b7b6"

[[package]]
name = "winapi-x86_64-pc-windows-gnu"
version = "0.4.0"
source = "registry+https://github.com/rust-lang/crates.io-index"
checksum = "712e227841d057c1ee1cd2fb22fa7e5a5461ae8e48fa2ca79ec42cfc1931183f"

[[package]]
name = "ws2_32-sys"
version = "0.2.1"
source = "registry+https://github.com/rust-lang/crates.io-index"
checksum = "d59cefebd0c892fa2dd6de581e937301d8552cb44489cdff035c6187cb63fa5e"
dependencies = [
 "winapi 0.2.8",
 "winapi-build",
]
